
Microsoft Visual Studio Solution File, Format Version 12.00
# Visual Studio Version 17
VisualStudioVersion = 17.8.34511.84
MinimumVisualStudioVersion = 10.0.40219.1
Project("{2150E333-8FDC-42A3-9474-1A3956D46DE8}") = "Services", "Services", "{8E4ABDF9-A2D6-49D4-84DC-62C26D240F3E}"
EndProject
Project("{2150E333-8FDC-42A3-9474-1A3956D46DE8}") = "Catalog", "Catalog", "{A1687074-E241-4B16-9BF2-B298A228FA2A}"
EndProject
Project("{9A19103F-16F7-4668-BE54-9A1E7A4F7556}") = "MultiShop.Catalog", "Services\Catalog\MultiShop.Catalog\MultiShop.Catalog.csproj", "{937F2023-4390-4CBD-88A0-B448E78D5A5F}"
EndProject
Project("{2150E333-8FDC-42A3-9474-1A3956D46DE8}") = "Discount", "Discount", "{B16DA51B-A436-41EB-9058-989576FE1EBD}"
EndProject
Project("{9A19103F-16F7-4668-BE54-9A1E7A4F7556}") = "MultiShop.Discount", "Services\Discount\MultiShop.Discount\MultiShop.Discount.csproj", "{FB6CCD36-51FB-45B8-9FA1-939A5684AB21}"
EndProject
Project("{2150E333-8FDC-42A3-9474-1A3956D46DE8}") = "Order", "Order", "{A1B938AE-67C8-4D4C-A9EC-26768BBDE4B0}"
EndProject
Project("{2150E333-8FDC-42A3-9474-1A3956D46DE8}") = "Core", "Core", "{7D95F50E-3CB3-4F8B-BC8E-65D149BFBDB7}"
EndProject
Project("{2150E333-8FDC-42A3-9474-1A3956D46DE8}") = "Infrastructure", "Infrastructure", "{FD20FF68-4FDC-443C-9D2A-44FF35C98BEC}"
EndProject
Project("{2150E333-8FDC-42A3-9474-1A3956D46DE8}") = "Presentation", "Presentation", "{D341520B-0DB0-480C-8E94-9DA2BDC73056}"
EndProject
Project("{9A19103F-16F7-4668-BE54-9A1E7A4F7556}") = "MultiShop.Order.Domain", "Services\Order\Core\MultiShop.Order.Domain\MultiShop.Order.Domain.csproj", "{AF19ABC2-449F-4F53-8660-158CDB90A9F3}"
EndProject
Project("{9A19103F-16F7-4668-BE54-9A1E7A4F7556}") = "MultiShop.Order.Application", "Order\Core\MultiShop.Order.Application\MultiShop.Order.Application.csproj", "{C2E64B3F-0749-48FB-935D-E1840C236EE5}"
EndProject
Project("{9A19103F-16F7-4668-BE54-9A1E7A4F7556}") = "MultiShop.Order.Persistance", "Services\Order\Infrastructure\MultiShop.Order.Persistance\MultiShop.Order.Persistance.csproj", "{146C9D9C-0751-4C2C-8456-5AED47E01827}"
EndProject
Project("{9A19103F-16F7-4668-BE54-9A1E7A4F7556}") = "MultiShop.Order.WebApi", "Services\Order\Persistance\MultiShop.Order.WebApi\MultiShop.Order.WebApi.csproj", "{1728C8DF-D58F-433D-AB9C-815344BE7F63}"
EndProject
Project("{2150E333-8FDC-42A3-9474-1A3956D46DE8}") = "IdentityServer", "IdentityServer", "{E026BE79-7414-4FB7-ADF8-971F79FBF80F}"
EndProject
Project("{9A19103F-16F7-4668-BE54-9A1E7A4F7556}") = "IdentityServer", "IdentityServer\IdentityServer.csproj", "{3A123A58-2EA2-4FB6-8551-261DC39850B0}"
EndProject
Project("{2150E333-8FDC-42A3-9474-1A3956D46DE8}") = "Cargo", "Cargo", "{688BBA1D-A0D5-44AB-A96E-48562FF29B73}"
EndProject
Project("{9A19103F-16F7-4668-BE54-9A1E7A4F7556}") = "MultiShop.Cargo.EntityLayer", "Services\Cargo\MultiShop.Cargo.EntityLayer\MultiShop.Cargo.EntityLayer.csproj", "{71A24B44-93B4-46F4-8870-219CB19132D4}"
EndProject
Project("{9A19103F-16F7-4668-BE54-9A1E7A4F7556}") = "MultiShop.Cargo.BusinessLayer", "Services\Cargo\MultiShop.Cargo.BusinessLayer\MultiShop.Cargo.BusinessLayer.csproj", "{CD32DCA9-C063-4797-AC11-78B0E2296EFB}"
EndProject
Project("{9A19103F-16F7-4668-BE54-9A1E7A4F7556}") = "MultiShop.Cargo.DataAccessLayer", "Services\Cargo\MultiShop.Cargo.DataAccessLayer\MultiShop.Cargo.DataAccessLayer.csproj", "{852E357D-E0FB-4890-835D-3A4F6C4BF701}"
EndProject
Project("{9A19103F-16F7-4668-BE54-9A1E7A4F7556}") = "MultiShop.Cargo.DtoLayer", "Services\Cargo\MultiShop.Cargo.DtoLayer\MultiShop.Cargo.DtoLayer.csproj", "{707DB500-827C-485F-9DD4-93C22DC30808}"
EndProject
Project("{9A19103F-16F7-4668-BE54-9A1E7A4F7556}") = "MultiShop.Cargo.WebApi", "Services\Cargo\MultiShop.Cargo.WebApi\MultiShop.Cargo.WebApi.csproj", "{00928118-BEF1-4A3C-A896-08CB8CE61C25}"
EndProject
Project("{2150E333-8FDC-42A3-9474-1A3956D46DE8}") = "Basket", "Basket", "{5FA34A6F-E316-4353-9AAF-82038A9DF4C7}"
EndProject
Project("{9A19103F-16F7-4668-BE54-9A1E7A4F7556}") = "MultiShop.Basket", "Services\Basket\MultiShop.Basket\MultiShop.Basket.csproj", "{D5625009-A475-4F49-9E92-AAF931DBB2C6}"
EndProject
Project("{2150E333-8FDC-42A3-9474-1A3956D46DE8}") = "FrontEnds", "FrontEnds", "{94B75CD6-53C5-4B45-A2C2-788DF0920D1C}"
EndProject
Project("{9A19103F-16F7-4668-BE54-9A1E7A4F7556}") = "MultiShop.WebUI", "FrontEnds\MultiShop.WebUI\MultiShop.WebUI.csproj", "{06AEE706-BA42-4DC2-B063-47769B31517C}"
EndProject
Project("{9A19103F-16F7-4668-BE54-9A1E7A4F7556}") = "MultiShop.DtoLayer", "FrontEnds\MultiShop.DtoLayer\MultiShop.DtoLayer.csproj", "{F13F0A9A-D492-4D64-B2C8-715C8327ADAF}"
EndProject
Project("{2150E333-8FDC-42A3-9474-1A3956D46DE8}") = "Comment", "Comment", "{DA3BE9B0-26B3-4A51-9D85-51C5C470F96D}"
EndProject
Project("{9A19103F-16F7-4668-BE54-9A1E7A4F7556}") = "MultiShop.Comment", "Comment\MultiShop.Comment\MultiShop.Comment.csproj", "{9B11E23D-3768-4A23-B002-8A761F886B90}"
EndProject
Project("{2150E333-8FDC-42A3-9474-1A3956D46DE8}") = "ApiGateway", "ApiGateway", "{A11CDA51-6859-400A-8560-62E0D9A29724}"
EndProject
Project("{2150E333-8FDC-42A3-9474-1A3956D46DE8}") = "RapidApi", "RapidApi", "{B95A5061-297F-48EC-8E5A-DFD2463809FC}"
EndProject
Project("{9A19103F-16F7-4668-BE54-9A1E7A4F7556}") = "MultiShopOcelotGateway", "ApiGateway\MultiShopOcelotGateway\MultiShopOcelotGateway.csproj", "{C25BE47A-DF64-42E8-A2E2-94DE7B8310B4}"
EndProject
Project("{2150E333-8FDC-42A3-9474-1A3956D46DE8}") = "Payment", "Payment", "{A2153A22-189B-4C06-984E-9BA455E69934}"
EndProject
Project("{9A19103F-16F7-4668-BE54-9A1E7A4F7556}") = "MultiShop.Payment", "Payment\MultiShop.Payment\MultiShop.Payment.csproj", "{EE86BED5-5CF3-4A66-B8D2-226D081501E8}"
EndProject
Project("{2150E333-8FDC-42A3-9474-1A3956D46DE8}") = "İmages", "İmages", "{C3E93668-BB26-44D6-9CFD-8DC298835F9A}"
EndProject
Project("{9A19103F-16F7-4668-BE54-9A1E7A4F7556}") = "MultiShop.Images", "Images\MultiShop.Images\MultiShop.Images.csproj", "{139BE5FD-484E-4782-8BB0-EC590B18F3D2}"
EndProject
Project("{2150E333-8FDC-42A3-9474-1A3956D46DE8}") = "Message", "Message", "{AFA2B08D-6B5C-42C4-9927-F77315559705}"
EndProject
Project("{9A19103F-16F7-4668-BE54-9A1E7A4F7556}") = "MultiShop.Message", "Services\Message\MultiShop.Message\MultiShop.Message.csproj", "{23E817BF-9631-4F55-866C-7F04468525EB}"
EndProject
Project("{2150E333-8FDC-42A3-9474-1A3956D46DE8}") = "SignalRRealTime", "SignalRRealTime", "{D1AE2022-8B39-4FDD-A26D-566C1B838A94}"
EndProject
Project("{9A19103F-16F7-4668-BE54-9A1E7A4F7556}") = "MultiShop.SignalRRealTimeAPI", "Services\SignalRRealTime\MultiShop.SignalRRealTimeAPI\MultiShop.SignalRRealTimeAPI.csproj", "{00054669-FCE5-44DD-90E6-57AD25BDED61}"
EndProject
Project("{2150E333-8FDC-42A3-9474-1A3956D46DE8}") = "RabbitMQMessage", "RabbitMQMessage", "{023B43D3-3F25-4A65-AE54-78F609053994}"
EndProject
Project("{9A19103F-16F7-4668-BE54-9A1E7A4F7556}") = "MultiShop.RabbitMQMessageApi", "RabbitMQMessage\MultiShop.RabbitMQMessageApi\MultiShop.RabbitMQMessageApi.csproj", "{517707ED-507D-401E-9F8D-9FF738E2353B}"
EndProject
Project("{FAE04EC0-301F-11D3-BF4B-00C04F79EFBC}") = "MultiShop.RapidApiUI", "RapidApi\MultiShop.RapidApiUI\MultiShop.RapidApiUI.csproj", "{6EBBB89B-5633-4653-AA12-DAC46547C2C7}"
EndProject
Global
	GlobalSection(SolutionConfigurationPlatforms) = preSolution
		Debug|Any CPU = Debug|Any CPU
		Release|Any CPU = Release|Any CPU
	EndGlobalSection
	GlobalSection(ProjectConfigurationPlatforms) = postSolution
		{937F2023-4390-4CBD-88A0-B448E78D5A5F}.Debug|Any CPU.ActiveCfg = Debug|Any CPU
		{937F2023-4390-4CBD-88A0-B448E78D5A5F}.Debug|Any CPU.Build.0 = Debug|Any CPU
		{937F2023-4390-4CBD-88A0-B448E78D5A5F}.Release|Any CPU.ActiveCfg = Release|Any CPU
		{937F2023-4390-4CBD-88A0-B448E78D5A5F}.Release|Any CPU.Build.0 = Release|Any CPU
		{FB6CCD36-51FB-45B8-9FA1-939A5684AB21}.Debug|Any CPU.ActiveCfg = Debug|Any CPU
		{FB6CCD36-51FB-45B8-9FA1-939A5684AB21}.Debug|Any CPU.Build.0 = Debug|Any CPU
		{FB6CCD36-51FB-45B8-9FA1-939A5684AB21}.Release|Any CPU.ActiveCfg = Release|Any CPU
		{FB6CCD36-51FB-45B8-9FA1-939A5684AB21}.Release|Any CPU.Build.0 = Release|Any CPU
		{AF19ABC2-449F-4F53-8660-158CDB90A9F3}.Debug|Any CPU.ActiveCfg = Debug|Any CPU
		{AF19ABC2-449F-4F53-8660-158CDB90A9F3}.Debug|Any CPU.Build.0 = Debug|Any CPU
		{AF19ABC2-449F-4F53-8660-158CDB90A9F3}.Release|Any CPU.ActiveCfg = Release|Any CPU
		{AF19ABC2-449F-4F53-8660-158CDB90A9F3}.Release|Any CPU.Build.0 = Release|Any CPU
		{C2E64B3F-0749-48FB-935D-E1840C236EE5}.Debug|Any CPU.ActiveCfg = Debug|Any CPU
		{C2E64B3F-0749-48FB-935D-E1840C236EE5}.Debug|Any CPU.Build.0 = Debug|Any CPU
		{C2E64B3F-0749-48FB-935D-E1840C236EE5}.Release|Any CPU.ActiveCfg = Release|Any CPU
		{C2E64B3F-0749-48FB-935D-E1840C236EE5}.Release|Any CPU.Build.0 = Release|Any CPU
		{146C9D9C-0751-4C2C-8456-5AED47E01827}.Debug|Any CPU.ActiveCfg = Debug|Any CPU
		{146C9D9C-0751-4C2C-8456-5AED47E01827}.Debug|Any CPU.Build.0 = Debug|Any CPU
		{146C9D9C-0751-4C2C-8456-5AED47E01827}.Release|Any CPU.ActiveCfg = Release|Any CPU
		{146C9D9C-0751-4C2C-8456-5AED47E01827}.Release|Any CPU.Build.0 = Release|Any CPU
		{1728C8DF-D58F-433D-AB9C-815344BE7F63}.Debug|Any CPU.ActiveCfg = Debug|Any CPU
		{1728C8DF-D58F-433D-AB9C-815344BE7F63}.Debug|Any CPU.Build.0 = Debug|Any CPU
		{1728C8DF-D58F-433D-AB9C-815344BE7F63}.Release|Any CPU.ActiveCfg = Release|Any CPU
		{1728C8DF-D58F-433D-AB9C-815344BE7F63}.Release|Any CPU.Build.0 = Release|Any CPU
		{3A123A58-2EA2-4FB6-8551-261DC39850B0}.Debug|Any CPU.ActiveCfg = Debug|Any CPU
		{3A123A58-2EA2-4FB6-8551-261DC39850B0}.Debug|Any CPU.Build.0 = Debug|Any CPU
		{3A123A58-2EA2-4FB6-8551-261DC39850B0}.Release|Any CPU.ActiveCfg = Release|Any CPU
		{3A123A58-2EA2-4FB6-8551-261DC39850B0}.Release|Any CPU.Build.0 = Release|Any CPU
		{71A24B44-93B4-46F4-8870-219CB19132D4}.Debug|Any CPU.ActiveCfg = Debug|Any CPU
		{71A24B44-93B4-46F4-8870-219CB19132D4}.Debug|Any CPU.Build.0 = Debug|Any CPU
		{71A24B44-93B4-46F4-8870-219CB19132D4}.Release|Any CPU.ActiveCfg = Release|Any CPU
		{71A24B44-93B4-46F4-8870-219CB19132D4}.Release|Any CPU.Build.0 = Release|Any CPU
		{CD32DCA9-C063-4797-AC11-78B0E2296EFB}.Debug|Any CPU.ActiveCfg = Debug|Any CPU
		{CD32DCA9-C063-4797-AC11-78B0E2296EFB}.Debug|Any CPU.Build.0 = Debug|Any CPU
		{CD32DCA9-C063-4797-AC11-78B0E2296EFB}.Release|Any CPU.ActiveCfg = Release|Any CPU
		{CD32DCA9-C063-4797-AC11-78B0E2296EFB}.Release|Any CPU.Build.0 = Release|Any CPU
		{852E357D-E0FB-4890-835D-3A4F6C4BF701}.Debug|Any CPU.ActiveCfg = Debug|Any CPU
		{852E357D-E0FB-4890-835D-3A4F6C4BF701}.Debug|Any CPU.Build.0 = Debug|Any CPU
		{852E357D-E0FB-4890-835D-3A4F6C4BF701}.Release|Any CPU.ActiveCfg = Release|Any CPU
		{852E357D-E0FB-4890-835D-3A4F6C4BF701}.Release|Any CPU.Build.0 = Release|Any CPU
		{707DB500-827C-485F-9DD4-93C22DC30808}.Debug|Any CPU.ActiveCfg = Debug|Any CPU
		{707DB500-827C-485F-9DD4-93C22DC30808}.Debug|Any CPU.Build.0 = Debug|Any CPU
		{707DB500-827C-485F-9DD4-93C22DC30808}.Release|Any CPU.ActiveCfg = Release|Any CPU
		{707DB500-827C-485F-9DD4-93C22DC30808}.Release|Any CPU.Build.0 = Release|Any CPU
		{00928118-BEF1-4A3C-A896-08CB8CE61C25}.Debug|Any CPU.ActiveCfg = Debug|Any CPU
		{00928118-BEF1-4A3C-A896-08CB8CE61C25}.Debug|Any CPU.Build.0 = Debug|Any CPU
		{00928118-BEF1-4A3C-A896-08CB8CE61C25}.Release|Any CPU.ActiveCfg = Release|Any CPU
		{00928118-BEF1-4A3C-A896-08CB8CE61C25}.Release|Any CPU.Build.0 = Release|Any CPU
		{D5625009-A475-4F49-9E92-AAF931DBB2C6}.Debug|Any CPU.ActiveCfg = Debug|Any CPU
		{D5625009-A475-4F49-9E92-AAF931DBB2C6}.Debug|Any CPU.Build.0 = Debug|Any CPU
		{D5625009-A475-4F49-9E92-AAF931DBB2C6}.Release|Any CPU.ActiveCfg = Release|Any CPU
		{D5625009-A475-4F49-9E92-AAF931DBB2C6}.Release|Any CPU.Build.0 = Release|Any CPU
		{06AEE706-BA42-4DC2-B063-47769B31517C}.Debug|Any CPU.ActiveCfg = Debug|Any CPU
		{06AEE706-BA42-4DC2-B063-47769B31517C}.Debug|Any CPU.Build.0 = Debug|Any CPU
		{06AEE706-BA42-4DC2-B063-47769B31517C}.Release|Any CPU.ActiveCfg = Release|Any CPU
		{06AEE706-BA42-4DC2-B063-47769B31517C}.Release|Any CPU.Build.0 = Release|Any CPU
		{F13F0A9A-D492-4D64-B2C8-715C8327ADAF}.Debug|Any CPU.ActiveCfg = Debug|Any CPU
		{F13F0A9A-D492-4D64-B2C8-715C8327ADAF}.Debug|Any CPU.Build.0 = Debug|Any CPU
		{F13F0A9A-D492-4D64-B2C8-715C8327ADAF}.Release|Any CPU.ActiveCfg = Release|Any CPU
		{F13F0A9A-D492-4D64-B2C8-715C8327ADAF}.Release|Any CPU.Build.0 = Release|Any CPU
		{9B11E23D-3768-4A23-B002-8A761F886B90}.Debug|Any CPU.ActiveCfg = Debug|Any CPU
		{9B11E23D-3768-4A23-B002-8A761F886B90}.Debug|Any CPU.Build.0 = Debug|Any CPU
		{9B11E23D-3768-4A23-B002-8A761F886B90}.Release|Any CPU.ActiveCfg = Release|Any CPU
		{9B11E23D-3768-4A23-B002-8A761F886B90}.Release|Any CPU.Build.0 = Release|Any CPU
		{C25BE47A-DF64-42E8-A2E2-94DE7B8310B4}.Debug|Any CPU.ActiveCfg = Debug|Any CPU
		{C25BE47A-DF64-42E8-A2E2-94DE7B8310B4}.Debug|Any CPU.Build.0 = Debug|Any CPU
		{C25BE47A-DF64-42E8-A2E2-94DE7B8310B4}.Release|Any CPU.ActiveCfg = Release|Any CPU
		{C25BE47A-DF64-42E8-A2E2-94DE7B8310B4}.Release|Any CPU.Build.0 = Release|Any CPU
		{EE86BED5-5CF3-4A66-B8D2-226D081501E8}.Debug|Any CPU.ActiveCfg = Debug|Any CPU
		{EE86BED5-5CF3-4A66-B8D2-226D081501E8}.Debug|Any CPU.Build.0 = Debug|Any CPU
		{EE86BED5-5CF3-4A66-B8D2-226D081501E8}.Release|Any CPU.ActiveCfg = Release|Any CPU
		{EE86BED5-5CF3-4A66-B8D2-226D081501E8}.Release|Any CPU.Build.0 = Release|Any CPU
		{139BE5FD-484E-4782-8BB0-EC590B18F3D2}.Debug|Any CPU.ActiveCfg = Debug|Any CPU
		{139BE5FD-484E-4782-8BB0-EC590B18F3D2}.Debug|Any CPU.Build.0 = Debug|Any CPU
		{139BE5FD-484E-4782-8BB0-EC590B18F3D2}.Release|Any CPU.ActiveCfg = Release|Any CPU
		{139BE5FD-484E-4782-8BB0-EC590B18F3D2}.Release|Any CPU.Build.0 = Release|Any CPU
		{23E817BF-9631-4F55-866C-7F04468525EB}.Debug|Any CPU.ActiveCfg = Debug|Any CPU
		{23E817BF-9631-4F55-866C-7F04468525EB}.Debug|Any CPU.Build.0 = Debug|Any CPU
		{23E817BF-9631-4F55-866C-7F04468525EB}.Release|Any CPU.ActiveCfg = Release|Any CPU
		{23E817BF-9631-4F55-866C-7F04468525EB}.Release|Any CPU.Build.0 = Release|Any CPU
		{00054669-FCE5-44DD-90E6-57AD25BDED61}.Debug|Any CPU.ActiveCfg = Debug|Any CPU
		{00054669-FCE5-44DD-90E6-57AD25BDED61}.Debug|Any CPU.Build.0 = Debug|Any CPU
		{00054669-FCE5-44DD-90E6-57AD25BDED61}.Release|Any CPU.ActiveCfg = Release|Any CPU
		{00054669-FCE5-44DD-90E6-57AD25BDED61}.Release|Any CPU.Build.0 = Release|Any CPU
		{517707ED-507D-401E-9F8D-9FF738E2353B}.Debug|Any CPU.ActiveCfg = Debug|Any CPU
		{517707ED-507D-401E-9F8D-9FF738E2353B}.Debug|Any CPU.Build.0 = Debug|Any CPU
		{517707ED-507D-401E-9F8D-9FF738E2353B}.Release|Any CPU.ActiveCfg = Release|Any CPU
		{517707ED-507D-401E-9F8D-9FF738E2353B}.Release|Any CPU.Build.0 = Release|Any CPU
		{6EBBB89B-5633-4653-AA12-DAC46547C2C7}.Debug|Any CPU.ActiveCfg = Debug|Any CPU
		{6EBBB89B-5633-4653-AA12-DAC46547C2C7}.Debug|Any CPU.Build.0 = Debug|Any CPU
		{6EBBB89B-5633-4653-AA12-DAC46547C2C7}.Release|Any CPU.ActiveCfg = Release|Any CPU
		{6EBBB89B-5633-4653-AA12-DAC46547C2C7}.Release|Any CPU.Build.0 = Release|Any CPU
	EndGlobalSection
	GlobalSection(SolutionProperties) = preSolution
		HideSolutionNode = FALSE
	EndGlobalSection
	GlobalSection(NestedProjects) = preSolution
		{A1687074-E241-4B16-9BF2-B298A228FA2A} = {8E4ABDF9-A2D6-49D4-84DC-62C26D240F3E}
		{937F2023-4390-4CBD-88A0-B448E78D5A5F} = {A1687074-E241-4B16-9BF2-B298A228FA2A}
		{B16DA51B-A436-41EB-9058-989576FE1EBD} = {8E4ABDF9-A2D6-49D4-84DC-62C26D240F3E}
		{FB6CCD36-51FB-45B8-9FA1-939A5684AB21} = {B16DA51B-A436-41EB-9058-989576FE1EBD}
		{A1B938AE-67C8-4D4C-A9EC-26768BBDE4B0} = {8E4ABDF9-A2D6-49D4-84DC-62C26D240F3E}
		{7D95F50E-3CB3-4F8B-BC8E-65D149BFBDB7} = {A1B938AE-67C8-4D4C-A9EC-26768BBDE4B0}
		{FD20FF68-4FDC-443C-9D2A-44FF35C98BEC} = {A1B938AE-67C8-4D4C-A9EC-26768BBDE4B0}
		{D341520B-0DB0-480C-8E94-9DA2BDC73056} = {A1B938AE-67C8-4D4C-A9EC-26768BBDE4B0}
		{AF19ABC2-449F-4F53-8660-158CDB90A9F3} = {7D95F50E-3CB3-4F8B-BC8E-65D149BFBDB7}
		{C2E64B3F-0749-48FB-935D-E1840C236EE5} = {7D95F50E-3CB3-4F8B-BC8E-65D149BFBDB7}
		{146C9D9C-0751-4C2C-8456-5AED47E01827} = {FD20FF68-4FDC-443C-9D2A-44FF35C98BEC}
		{1728C8DF-D58F-433D-AB9C-815344BE7F63} = {D341520B-0DB0-480C-8E94-9DA2BDC73056}
		{3A123A58-2EA2-4FB6-8551-261DC39850B0} = {E026BE79-7414-4FB7-ADF8-971F79FBF80F}
		{688BBA1D-A0D5-44AB-A96E-48562FF29B73} = {8E4ABDF9-A2D6-49D4-84DC-62C26D240F3E}
		{71A24B44-93B4-46F4-8870-219CB19132D4} = {688BBA1D-A0D5-44AB-A96E-48562FF29B73}
		{CD32DCA9-C063-4797-AC11-78B0E2296EFB} = {688BBA1D-A0D5-44AB-A96E-48562FF29B73}
		{852E357D-E0FB-4890-835D-3A4F6C4BF701} = {688BBA1D-A0D5-44AB-A96E-48562FF29B73}
		{707DB500-827C-485F-9DD4-93C22DC30808} = {688BBA1D-A0D5-44AB-A96E-48562FF29B73}
		{00928118-BEF1-4A3C-A896-08CB8CE61C25} = {688BBA1D-A0D5-44AB-A96E-48562FF29B73}
		{5FA34A6F-E316-4353-9AAF-82038A9DF4C7} = {8E4ABDF9-A2D6-49D4-84DC-62C26D240F3E}
		{D5625009-A475-4F49-9E92-AAF931DBB2C6} = {5FA34A6F-E316-4353-9AAF-82038A9DF4C7}
		{06AEE706-BA42-4DC2-B063-47769B31517C} = {94B75CD6-53C5-4B45-A2C2-788DF0920D1C}
		{F13F0A9A-D492-4D64-B2C8-715C8327ADAF} = {94B75CD6-53C5-4B45-A2C2-788DF0920D1C}
		{DA3BE9B0-26B3-4A51-9D85-51C5C470F96D} = {8E4ABDF9-A2D6-49D4-84DC-62C26D240F3E}
		{9B11E23D-3768-4A23-B002-8A761F886B90} = {DA3BE9B0-26B3-4A51-9D85-51C5C470F96D}
		{C25BE47A-DF64-42E8-A2E2-94DE7B8310B4} = {A11CDA51-6859-400A-8560-62E0D9A29724}
		{A2153A22-189B-4C06-984E-9BA455E69934} = {8E4ABDF9-A2D6-49D4-84DC-62C26D240F3E}
		{EE86BED5-5CF3-4A66-B8D2-226D081501E8} = {A2153A22-189B-4C06-984E-9BA455E69934}
		{C3E93668-BB26-44D6-9CFD-8DC298835F9A} = {8E4ABDF9-A2D6-49D4-84DC-62C26D240F3E}
		{139BE5FD-484E-4782-8BB0-EC590B18F3D2} = {C3E93668-BB26-44D6-9CFD-8DC298835F9A}
		{AFA2B08D-6B5C-42C4-9927-F77315559705} = {8E4ABDF9-A2D6-49D4-84DC-62C26D240F3E}
		{23E817BF-9631-4F55-866C-7F04468525EB} = {AFA2B08D-6B5C-42C4-9927-F77315559705}
		{D1AE2022-8B39-4FDD-A26D-566C1B838A94} = {8E4ABDF9-A2D6-49D4-84DC-62C26D240F3E}
		{00054669-FCE5-44DD-90E6-57AD25BDED61} = {D1AE2022-8B39-4FDD-A26D-566C1B838A94}
		{023B43D3-3F25-4A65-AE54-78F609053994} = {8E4ABDF9-A2D6-49D4-84DC-62C26D240F3E}
		{517707ED-507D-401E-9F8D-9FF738E2353B} = {023B43D3-3F25-4A65-AE54-78F609053994}
		{6EBBB89B-5633-4653-AA12-DAC46547C2C7} = {B95A5061-297F-48EC-8E5A-DFD2463809FC}
	EndGlobalSection
	GlobalSection(ExtensibilityGlobals) = postSolution
		SolutionGuid = {B0572E39-95F1-4920-83AA-BCC768CA960A}
	EndGlobalSection
EndGlobal
